[[package]]
name = "find_folder"
version = "0.3.0"
source = "registry+https://github.com/rust-lang/crates.io-index"

[[package]]
name = "rusty-guild"
version = "0.1.0"
dependencies = [
 "find_folder 0.3.0 (registry+https://github.com/rust-lang/crates.io-index)",
]

[metadata]
"checksum find_folder 0.3.0 (registry+https://github.com/rust-lang/crates.io-index)" = "9f6d018fb95a0b59f854aed68ecd96ce2b80af7911b92b1fed3c4b1fa516b91b"
